// !$*UTF8*$!
{
	archiveVersion = 1;
	classes = {
	};
	objectVersion = 77;
	objects = {

/* Begin PBXBuildFile section */
		45265C132CC4D58A00D60E1E /* Glur in Frameworks */ = {isa = PBXBuildFile; productRef = 45265C122CC4D58A00D60E1E /* Glur */; };
		4591FCB12CC3E7AE003757D2 /* GoogleGenerativeAI in Frameworks */ = {isa = PBXBuildFile; productRef = 4591FCB02CC3E7AE003757D2 /* GoogleGenerativeAI */; };
		4591FCB92CC3F71F003757D2 /* GooglePlacesSwift in Frameworks */ = {isa = PBXBuildFile; productRef = 4591FCB82CC3F71F003757D2 /* GooglePlacesSwift */; };
		45CAA6DF2CC3A5B2007BC90D /* FirebaseAnalytics in Frameworks */ = {isa = PBXBuildFile; productRef = 45CAA6DE2CC3A5B2007BC90D /* FirebaseAnalytics */; };
		45CAA6F02CC3ABE0007BC90D /* FirebaseFirestore in Frameworks */ = {isa = PBXBuildFile; productRef = 45CAA6EF2CC3ABE0007BC90D /* FirebaseFirestore */; };
		45CAA6F22CC3ABE8007BC90D /* FirebaseAuth in Frameworks */ = {isa = PBXBuildFile; productRef = 45CAA6F12CC3ABE8007BC90D /* FirebaseAuth */; };
/* End PBXBuildFile section */

/* Begin PBXFileReference section */
		45CAA6CA2CC3A36E007BC90D /* Voyago.app */ = {isa = PBXFileReference; explicitFileType = wrapper.application; includeInIndex = 0; path = Voyago.app; sourceTree = BUILT_PRODUCTS_DIR; };
/* End PBXFileReference section */

/* Begin PBXFileSystemSynchronizedBuildFileExceptionSet section */
		45265C6E2CC5120900D60E1E /* Exceptions for "Voyago" folder in "Voyago" target */ = {
			isa = PBXFileSystemSynchronizedBuildFileExceptionSet;
			membershipExceptions = (
				Info.plist,
			);
			target = 45CAA6C92CC3A36E007BC90D /* Voyago */;
		};
/* End PBXFileSystemSynchronizedBuildFileExceptionSet section */

/* Begin PBXFileSystemSynchronizedRootGroup section */
		45CAA6CC2CC3A36E007BC90D /* Voyago */ = {
			isa = PBXFileSystemSynchronizedRootGroup;
			exceptions = (
				45265C6E2CC5120900D60E1E /* Exceptions for "Voyago" folder in "Voyago" target */,
			);
			path = Voyago;
			sourceTree = "<group>";
		};
/* End PBXFileSystemSynchronizedRootGroup section */

/* Begin PBXFrameworksBuildPhase section */
		45CAA6C72CC3A36E007BC90D /* Frameworks */ = {
			isa = PBXFrameworksBuildPhase;
			buildActionMask = 2147483647;
			files = (
				45CAA6DF2CC3A5B2007BC90D /* FirebaseAnalytics in Frameworks */,
				4591FCB92CC3F71F003757D2 /* GooglePlacesSwift in Frameworks */,
				45265C132CC4D58A00D60E1E /* Glur in Frameworks */,
				45CAA6F22CC3ABE8007BC90D /* FirebaseAuth in Frameworks */,
				45CAA6F02CC3ABE0007BC90D /* FirebaseFirestore in Frameworks */,
				4591FCB12CC3E7AE003757D2 /* GoogleGenerativeAI in Frameworks */,
			);
			runOnlyForDeploymentPostprocessing = 0;
		};
/* End PBXFrameworksBuildPhase section */

/* Begin PBXGroup section */
		45CAA6C12CC3A36E007BC90D = {
			isa = PBXGroup;
			children = (
				45CAA6CC2CC3A36E007BC90D /* Voyago */,
				45CAA6EE2CC3ABE0007BC90D /* Frameworks */,
				45CAA6CB2CC3A36E007BC90D /* Products */,
			);
			sourceTree = "<group>";
		};
		45CAA6CB2CC3A36E007BC90D /* Products */ = {
			isa = PBXGroup;
			children = (
				45CAA6CA2CC3A36E007BC90D /* Voyago.app */,
			);
			name = Products;
			sourceTree = "<group>";
		};
		45CAA6EE2CC3ABE0007BC90D /* Frameworks */ = {
			isa = PBXGroup;
			children = (
			);
			name = Frameworks;
			sourceTree = "<group>";
		};
/* End PBXGroup section */

/* Begin PBXNativeTarget section */
		45CAA6C92CC3A36E007BC90D /* Voyago */ = {
			isa = PBXNativeTarget;
			buildConfigurationList = 45CAA6D82CC3A36F007BC90D /* Build configuration list for PBXNativeTarget "Voyago" */;
			buildPhases = (
				45CAA6C62CC3A36E007BC90D /* Sources */,
				45CAA6C72CC3A36E007BC90D /* Frameworks */,
				45CAA6C82CC3A36E007BC90D /* Resources */,
			);
			buildRules = (
			);
			dependencies = (
			);
			fileSystemSynchronizedGroups = (
				45CAA6CC2CC3A36E007BC90D /* Voyago */,
			);
			name = Voyago;
			packageProductDependencies = (
				45CAA6DE2CC3A5B2007BC90D /* FirebaseAnalytics */,
				45CAA6EF2CC3ABE0007BC90D /* FirebaseFirestore */,
				45CAA6F12CC3ABE8007BC90D /* FirebaseAuth */,
				4591FCB02CC3E7AE003757D2 /* GoogleGenerativeAI */,
				4591FCB82CC3F71F003757D2 /* GooglePlacesSwift */,
				45265C122CC4D58A00D60E1E /* Glur */,
			);
			productName = Voyago;
			productReference = 45CAA6CA2CC3A36E007BC90D /* Voyago.app */;
			productType = "com.apple.product-type.application";
		};
/* End PBXNativeTarget section */

/* Begin PBXProject section */
		45CAA6C22CC3A36E007BC90D /* Project object */ = {
			isa = PBXProject;
			attributes = {
				BuildIndependentTargetsInParallel = 1;
				LastSwiftUpdateCheck = 1600;
				LastUpgradeCheck = 1600;
				TargetAttributes = {
					45CAA6C92CC3A36E007BC90D = {
						CreatedOnToolsVersion = 16.0;
					};
				};
			};
			buildConfigurationList = 45CAA6C52CC3A36E007BC90D /* Build configuration list for PBXProject "Voyago" */;
			developmentRegion = en;
			hasScannedForEncodings = 0;
			knownRegions = (
				en,
				Base,
			);
			mainGroup = 45CAA6C12CC3A36E007BC90D;
			minimizedProjectReferenceProxies = 1;
			packageReferences = (
				45CAA6DD2CC3A5B2007BC90D /* XCRemoteSwiftPackageReference "firebase-ios-sdk" */,
				4591FCAF2CC3E7AE003757D2 /* XCRemoteSwiftPackageReference "generative-ai-swift" */,
				4591FCB72CC3F71F003757D2 /* XCRemoteSwiftPackageReference "ios-places-swift-sdk" */,
				45265C112CC4D58A00D60E1E /* XCRemoteSwiftPackageReference "Glur" */,
			);
			preferredProjectObjectVersion = 77;
			productRefGroup = 45CAA6CB2CC3A36E007BC90D /* Products */;
			projectDirPath = "";
			projectRoot = "";
			targets = (
				45CAA6C92CC3A36E007BC90D /* Voyago */,
			);
		};
/* End PBXProject section */

/* Begin PBXResourcesBuildPhase section */
		45CAA6C82CC3A36E007BC90D /* Resources */ = {
			isa = PBXResourcesBuildPhase;
			buildActionMask = 2147483647;
			files = (
			);
			runOnlyForDeploymentPostprocessing = 0;
		};
/* End PBXResourcesBuildPhase section */

/* Begin PBXSourcesBuildPhase section */
		45CAA6C62CC3A36E007BC90D /* Sources */ = {
			isa = PBXSourcesBuildPhase;
			buildActionMask = 2147483647;
			files = (
			);
			runOnlyForDeploymentPostprocessing = 0;
		};
/* End PBXSourcesBuildPhase section */

/* Begin XCBuildConfiguration section */
		45CAA6D62CC3A36F007BC90D /* Debug */ = {
			isa = XCBuildConfiguration;
			buildSettings = {
				ALWAYS_SEARCH_USER_PATHS = NO;
				ASSETCATALOG_COMPILER_GENERATE_SWIFT_ASSET_SYMBOL_EXTENSIONS = YES;
				CLANG_ANALYZER_NONNULL = YES;
				CLANG_ANALYZER_NUMBER_OBJECT_CONVERSION = YES_AGGRESSIVE;
				CLANG_CXX_LANGUAGE_STANDARD = "gnu++20";
				CLANG_ENABLE_MODULES = YES;
				CLANG_ENABLE_OBJC_ARC = YES;
				CLANG_ENABLE_OBJC_WEAK = YES;
				CLANG_WARN_BLOCK_CAPTURE_AUTORELEASING = YES;
				CLANG_WARN_BOOL_CONVERSION = YES;
				CLANG_WARN_COMMA = YES;
				CLANG_WARN_CONSTANT_CONVERSION = YES;
				CLANG_WARN_DEPRECATED_OBJC_IMPLEMENTATIONS = YES;
				CLANG_WARN_DIRECT_OBJC_ISA_USAGE = YES_ERROR;
				CLANG_WARN_DOCUMENTATION_COMMENTS = YES;
				CLANG_WARN_EMPTY_BODY = YES;
				CLANG_WARN_ENUM_CONVERSION = YES;
				CLANG_WARN_INFINITE_RECURSION = YES;
				CLANG_WARN_INT_CONVERSION = YES;
				CLANG_WARN_NON_LITERAL_NULL_CONVERSION = YES;
				CLANG_WARN_OBJC_IMPLICIT_RETAIN_SELF = YES;
				CLANG_WARN_OBJC_LITERAL_CONVERSION = YES;
				CLANG_WARN_OBJC_ROOT_CLASS = YES_ERROR;
				CLANG_WARN_QUOTED_INCLUDE_IN_FRAMEWORK_HEADER = YES;
				CLANG_WARN_RANGE_LOOP_ANALYSIS = YES;
				CLANG_WARN_STRICT_PROTOTYPES = YES;
				CLANG_WARN_SUSPICIOUS_MOVE = YES;
				CLANG_WARN_UNGUARDED_AVAILABILITY = YES_AGGRESSIVE;
				CLANG_WARN_UNREACHABLE_CODE = YES;
				CLANG_WARN__DUPLICATE_METHOD_MATCH = YES;
				COPY_PHASE_STRIP = NO;
				DEBUG_INFORMATION_FORMAT = dwarf;
				ENABLE_STRICT_OBJC_MSGSEND = YES;
				ENABLE_TESTABILITY = YES;
				ENABLE_USER_SCRIPT_SANDBOXING = YES;
				GCC_C_LANGUAGE_STANDARD = gnu17;
				GCC_DYNAMIC_NO_PIC = NO;
				GCC_NO_COMMON_BLOCKS = YES;
				GCC_OPTIMIZATION_LEVEL = 0;
				GCC_PREPROCESSOR_DEFINITIONS = (
					"DEBUG=1",
					"$(inherited)",
				);
				GCC_WARN_64_TO_32_BIT_CONVERSION = YES;
				GCC_WARN_ABOUT_RETURN_TYPE = YES_ERROR;
				GCC_WARN_UNDECLARED_SELECTOR = YES;
				GCC_WARN_UNINITIALIZED_AUTOS = YES_AGGRESSIVE;
				GCC_WARN_UNUSED_FUNCTION = YES;
				GCC_WARN_UNUSED_VARIABLE = YES;
				IPHONEOS_DEPLOYMENT_TARGET = 18.0;
				LOCALIZATION_PREFERS_STRING_CATALOGS = YES;
				MTL_ENABLE_DEBUG_INFO = INCLUDE_SOURCE;
				MTL_FAST_MATH = YES;
				ONLY_ACTIVE_ARCH = YES;
				SDKROOT = iphoneos;
				SWIFT_ACTIVE_COMPILATION_CONDITIONS = "DEBUG $(inherited)";
				SWIFT_OPTIMIZATION_LEVEL = "-Onone";
			};
			name = Debug;
		};
		45CAA6D72CC3A36F007BC90D /* Release */ = {
			isa = XCBuildConfiguration;
			buildSettings = {
				ALWAYS_SEARCH_USER_PATHS = NO;
				ASSETCATALOG_COMPILER_GENERATE_SWIFT_ASSET_SYMBOL_EXTENSIONS = YES;
				CLANG_ANALYZER_NONNULL = YES;
				CLANG_ANALYZER_NUMBER_OBJECT_CONVERSION = YES_AGGRESSIVE;
				CLANG_CXX_LANGUAGE_STANDARD = "gnu++20";
				CLANG_ENABLE_MODULES = YES;
				CLANG_ENABLE_OBJC_ARC = YES;
				CLANG_ENABLE_OBJC_WEAK = YES;
				CLANG_WARN_BLOCK_CAPTURE_AUTORELEASING = YES;
				CLANG_WARN_BOOL_CONVERSION = YES;
				CLANG_WARN_COMMA = YES;
				CLANG_WARN_CONSTANT_CONVERSION = YES;
				CLANG_WARN_DEPRECATED_OBJC_IMPLEMENTATIONS = YES;
				CLANG_WARN_DIRECT_OBJC_ISA_USAGE = YES_ERROR;
				CLANG_WARN_DOCUMENTATION_COMMENTS = YES;
				CLANG_WARN_EMPTY_BODY = YES;
				CLANG_WARN_ENUM_CONVERSION = YES;
				CLANG_WARN_INFINITE_RECURSION = YES;
				CLANG_WARN_INT_CONVERSION = YES;
				CLANG_WARN_NON_LITERAL_NULL_CONVERSION = YES;
				CLANG_WARN_OBJC_IMPLICIT_RETAIN_SELF = YES;
				CLANG_WARN_OBJC_LITERAL_CONVERSION = YES;
				CLANG_WARN_OBJC_ROOT_CLASS = YES_ERROR;
				CLANG_WARN_QUOTED_INCLUDE_IN_FRAMEWORK_HEADER = YES;
				CLANG_WARN_RANGE_LOOP_ANALYSIS = YES;
				CLANG_WARN_STRICT_PROTOTYPES = YES;
				CLANG_WARN_SUSPICIOUS_MOVE = YES;
				CLANG_WARN_UNGUARDED_AVAILABILITY = YES_AGGRESSIVE;
				CLANG_WARN_UNREACHABLE_CODE = YES;
				CLANG_WARN__DUPLICATE_METHOD_MATCH = YES;
				COPY_PHASE_STRIP = NO;
				DEBUG_INFORMATION_FORMAT = "dwarf-with-dsym";
				ENABLE_NS_ASSERTIONS = NO;
				ENABLE_STRICT_OBJC_MSGSEND = YES;
				ENABLE_USER_SCRIPT_SANDBOXING = YES;
				GCC_C_LANGUAGE_STANDARD = gnu17;
				GCC_NO_COMMON_BLOCKS = YES;
				GCC_WARN_64_TO_32_BIT_CONVERSION = YES;
				GCC_WARN_ABOUT_RETURN_TYPE = YES_ERROR;
				GCC_WARN_UNDECLARED_SELECTOR = YES;
				GCC_WARN_UNINITIALIZED_AUTOS = YES_AGGRESSIVE;
				GCC_WARN_UNUSED_FUNCTION = YES;
				GCC_WARN_UNUSED_VARIABLE = YES;
				IPHONEOS_DEPLOYMENT_TARGET = 18.0;
				LOCALIZATION_PREFERS_STRING_CATALOGS = YES;
				MTL_ENABLE_DEBUG_INFO = NO;
				MTL_FAST_MATH = YES;
				SDKROOT = iphoneos;
				SWIFT_COMPILATION_MODE = wholemodule;
				VALIDATE_PRODUCT = YES;
			};
			name = Release;
		};
		45CAA6D92CC3A36F007BC90D /* Debug */ = {
			isa = XCBuildConfiguration;
			buildSettings = {
				ASSETCATALOG_COMPILER_APPICON_NAME = AppIcon;
				ASSETCATALOG_COMPILER_GLOBAL_ACCENT_COLOR_NAME = AccentColor;
				CODE_SIGN_ENTITLEMENTS = Voyago/Voyago.entitlements;
				CODE_SIGN_STYLE = Automatic;
				CURRENT_PROJECT_VERSION = 1;
				DEVELOPMENT_ASSET_PATHS = "\"Voyago/Preview Content\"";
				DEVELOPMENT_TEAM = LJW827W979;
				ENABLE_PREVIEWS = YES;
				GENERATE_INFOPLIST_FILE = YES;
				INFOPLIST_FILE = Voyago/Info.plist;
				INFOPLIST_KEY_CFBundleDisplayName = Voyago;
				INFOPLIST_KEY_UIApplicationSceneManifest_Generation = YES;
				INFOPLIST_KEY_UIApplicationSupportsIndirectInputEvents = YES;
				INFOPLIST_KEY_UILaunchScreen_Generation = YES;
				INFOPLIST_KEY_UISupportedInterfaceOrientations_iPad = "UIInterfaceOrientationPortrait UIInterfaceOrientationPortraitUpsideDown UIInterfaceOrientationLandscapeLeft UIInterfaceOrientationLandscapeRight";
				INFOPLIST_KEY_UISupportedInterfaceOrientations_iPhone = "UIInterfaceOrientationPortrait UIInterfaceOrientationLandscapeLeft UIInterfaceOrientationLandscapeRight";
				LD_RUNPATH_SEARCH_PATHS = (
					"$(inherited)",
					"@executable_path/Frameworks",
				);
				MARKETING_VERSION = 1.0;
				PRODUCT_BUNDLE_IDENTIFIER = com.krishnababani.VoyagoApp;
				PRODUCT_NAME = "$(TARGET_NAME)";
				SUPPORTED_PLATFORMS = "iphoneos iphonesimulator";
				SUPPORTS_MACCATALYST = NO;
				SUPPORTS_MAC_DESIGNED_FOR_IPHONE_IPAD = NO;
				SUPPORTS_XR_DESIGNED_FOR_IPHONE_IPAD = NO;
				SWIFT_EMIT_LOC_STRINGS = YES;
				SWIFT_VERSION = 5.0;
				TARGETED_DEVICE_FAMILY = 1;
			};
			name = Debug;
		};
		45CAA6DA2CC3A36F007BC90D /* Release */ = {
			isa = XCBuildConfiguration;
			buildSettings = {
				ASSETCATALOG_COMPILER_APPICON_NAME = AppIcon;
				ASSETCATALOG_COMPILER_GLOBAL_ACCENT_COLOR_NAME = AccentColor;
				CODE_SIGN_ENTITLEMENTS = Voyago/Voyago.entitlements;
				CODE_SIGN_STYLE = Automatic;
				CURRENT_PROJECT_VERSION = 1;
				DEVELOPMENT_ASSET_PATHS = "\"Voyago/Preview Content\"";
				DEVELOPMENT_TEAM = LJW827W979;
				ENABLE_PREVIEWS = YES;
				GENERATE_INFOPLIST_FILE = YES;
				INFOPLIST_FILE = Voyago/Info.plist;
				INFOPLIST_KEY_CFBundleDisplayName = Voyago;
				INFOPLIST_KEY_UIApplicationSceneManifest_Generation = YES;
				INFOPLIST_KEY_UIApplicationSupportsIndirectInputEvents = YES;
				INFOPLIST_KEY_UILaunchScreen_Generation = YES;
				INFOPLIST_KEY_UISupportedInterfaceOrientations_iPad = "UIInterfaceOrientationPortrait UIInterfaceOrientationPortraitUpsideDown UIInterfaceOrientationLandscapeLeft UIInterfaceOrientationLandscapeRight";
				INFOPLIST_KEY_UISupportedInterfaceOrientations_iPhone = "UIInterfaceOrientationPortrait UIInterfaceOrientationLandscapeLeft UIInterfaceOrientationLandscapeRight";
				LD_RUNPATH_SEARCH_PATHS = (
					"$(inherited)",
					"@executable_path/Frameworks",
				);
				MARKETING_VERSION = 1.0;
				PRODUCT_BUNDLE_IDENTIFIER = com.krishnababani.VoyagoApp;
				PRODUCT_NAME = "$(TARGET_NAME)";
				SUPPORTED_PLATFORMS = "iphoneos iphonesimulator";
				SUPPORTS_MACCATALYST = NO;
				SUPPORTS_MAC_DESIGNED_FOR_IPHONE_IPAD = NO;
				SUPPORTS_XR_DESIGNED_FOR_IPHONE_IPAD = NO;
				SWIFT_EMIT_LOC_STRINGS = YES;
				SWIFT_VERSION = 5.0;
				TARGETED_DEVICE_FAMILY = 1;
			};
			name = Release;
		};
/* End XCBuildConfiguration section */

/* Begin XCConfigurationList section */
		45CAA6C52CC3A36E007BC90D /* Build configuration list for PBXProject "Voyago" */ = {
			isa = XCConfigurationList;
			buildConfigurations = (
				45CAA6D62CC3A36F007BC90D /* Debug */,
				45CAA6D72CC3A36F007BC90D /* Release */,
			);
			defaultConfigurationIsVisible = 0;
			defaultConfigurationName = Release;
		};
		45CAA6D82CC3A36F007BC90D /* Build configuration list for PBXNativeTarget "Voyago" */ = {
			isa = XCConfigurationList;
			buildConfigurations = (
				45CAA6D92CC3A36F007BC90D /* Debug */,
				45CAA6DA2CC3A36F007BC90D /* Release */,
			);
			defaultConfigurationIsVisible = 0;
			defaultConfigurationName = Release;
		};
/* End XCConfigurationList section */

/* Begin XCRemoteSwiftPackageReference section */
		45265C112CC4D58A00D60E1E /* XCRemoteSwiftPackageReference "Glur" */ = {
			isa = XCRemoteSwiftPackageReference;
			repositoryURL = "https://github.com/joogps/Glur.git";
			requirement = {
				kind = upToNextMajorVersion;
				minimumVersion = 1.0.4;
			};
		};
		4591FCAF2CC3E7AE003757D2 /* XCRemoteSwiftPackageReference "generative-ai-swift" */ = {
			isa = XCRemoteSwiftPackageReference;
			repositoryURL = "https://github.com/google-gemini/generative-ai-swift.git";
			requirement = {
				kind = upToNextMajorVersion;
				minimumVersion = 0.5.6;
			};
		};
		4591FCB72CC3F71F003757D2 /* XCRemoteSwiftPackageReference "ios-places-swift-sdk" */ = {
			isa = XCRemoteSwiftPackageReference;
			repositoryURL = "https://github.com/googlemaps/ios-places-swift-sdk.git";
			requirement = {
				kind = upToNextMajorVersion;
				minimumVersion = 0.2.0;
			};
		};
		45CAA6DD2CC3A5B2007BC90D /* XCRemoteSwiftPackageReference "firebase-ios-sdk" */ = {
			isa = XCRemoteSwiftPackageReference;
			repositoryURL = "https://github.com/firebase/firebase-ios-sdk";
			requirement = {
				kind = upToNextMajorVersion;
				minimumVersion = 11.3.0;
			};
		};
/* End XCRemoteSwiftPackageReference section */

/* Begin XCSwiftPackageProductDependency section */
		45265C122CC4D58A00D60E1E /* Glur */ = {
			isa = XCSwiftPackageProductDependency;
			package = 45265C112CC4D58A00D60E1E /* XCRemoteSwiftPackageReference "Glur" */;
			productName = Glur;
		};
		4591FCB02CC3E7AE003757D2 /* GoogleGenerativeAI */ = {
			isa = XCSwiftPackageProductDependency;
			package = 4591FCAF2CC3E7AE003757D2 /* XCRemoteSwiftPackageReference "generative-ai-swift" */;
			productName = GoogleGenerativeAI;
		};
		4591FCB82CC3F71F003757D2 /* GooglePlacesSwift */ = {
			isa = XCSwiftPackageProductDependency;
			package = 4591FCB72CC3F71F003757D2 /* XCRemoteSwiftPackageReference "ios-places-swift-sdk" */;
			productName = GooglePlacesSwift;
		};
		45CAA6DE2CC3A5B2007BC90D /* FirebaseAnalytics */ = {
			isa = XCSwiftPackageProductDependency;
			package = 45CAA6DD2CC3A5B2007BC90D /* XCRemoteSwiftPackageReference "firebase-ios-sdk" */;
			productName = FirebaseAnalytics;
		};
		45CAA6EF2CC3ABE0007BC90D /* FirebaseFirestore */ = {
			isa = XCSwiftPackageProductDependency;
			package = 45CAA6DD2CC3A5B2007BC90D /* XCRemoteSwiftPackageReference "firebase-ios-sdk" */;
			productName = FirebaseFirestore;
		};
		45CAA6F12CC3ABE8007BC90D /* FirebaseAuth */ = {
			isa = XCSwiftPackageProductDependency;
			package = 45CAA6DD2CC3A5B2007BC90D /* XCRemoteSwiftPackageReference "firebase-ios-sdk" */;
			productName = FirebaseAuth;
		};
/* End XCSwiftPackageProductDependency section */
	};
	rootObject = 45CAA6C22CC3A36E007BC90D /* Project object */;
}
